// !$*UTF8*$!
{
	archiveVersion = 1;
	classes = {
	};
	objectVersion = 46;
	objects = {

/* Begin PBXBuildFile section */
		3CC7DB2F1F056D4300AE0C84 /* SearchViewCell.swift in Sources */ = {isa = PBXBuildFile; fileRef = 3CC7DB2E1F056D4300AE0C84 /* SearchViewCell.swift */; };
		3CC7DB311F05734C00AE0C84 /* GameViewCell.swift in Sources */ = {isa = PBXBuildFile; fileRef = 3CC7DB301F05734C00AE0C84 /* GameViewCell.swift */; };
		725135661EFD3F5700667B56 /* LolAPIRouter.swift in Sources */ = {isa = PBXBuildFile; fileRef = 725135651EFD3F5700667B56 /* LolAPIRouter.swift */; };
		725135AC1EFD48DD00667B56 /* Alamofire.framework in Frameworks */ = {isa = PBXBuildFile; fileRef = 725135901EFD45E600667B56 /* Alamofire.framework */; };
		725135AD1EFD48DD00667B56 /* Alamofire.framework in Embed Frameworks */ = {isa = PBXBuildFile; fileRef = 725135901EFD45E600667B56 /* Alamofire.framework */; settings = {ATTRIBUTES = (CodeSignOnCopy, RemoveHeadersOnCopy, ); }; };
		725135B21EFD4D4D00667B56 /* FindUserViewController.swift in Sources */ = {isa = PBXBuildFile; fileRef = 725135B11EFD4D4D00667B56 /* FindUserViewController.swift */; };
		725135B41EFD4D8A00667B56 /* User.swift in Sources */ = {isa = PBXBuildFile; fileRef = 725135B31EFD4D8A00667B56 /* User.swift */; };
		725135BB1EFDBF7700667B56 /* Match.swift in Sources */ = {isa = PBXBuildFile; fileRef = 725135BA1EFDBF7700667B56 /* Match.swift */; };
		725135BD1EFDC88000667B56 /* UserDetailsViewController.swift in Sources */ = {isa = PBXBuildFile; fileRef = 725135BC1EFDC88000667B56 /* UserDetailsViewController.swift */; };
		725135BF1EFE5ED700667B56 /* Search.swift in Sources */ = {isa = PBXBuildFile; fileRef = 725135BE1EFE5ED700667B56 /* Search.swift */; };
		72D1075B1F018360000FD74F /* ChampionNameByKey.swift in Sources */ = {isa = PBXBuildFile; fileRef = 72D1075A1F018360000FD74F /* ChampionNameByKey.swift */; };
		72FEAEE11EFEDC6A0078407E /* Toaster.framework in Frameworks */ = {isa = PBXBuildFile; fileRef = 72FEAEDE1EFEDC610078407E /* Toaster.framework */; };
		72FEAEE21EFEDC6A0078407E /* Toaster.framework in Embed Frameworks */ = {isa = PBXBuildFile; fileRef = 72FEAEDE1EFEDC610078407E /* Toaster.framework */; settings = {ATTRIBUTES = (CodeSignOnCopy, RemoveHeadersOnCopy, ); }; };
		72FEAEE61F017A9B0078407E /* PlayerStatsGlob.swift in Sources */ = {isa = PBXBuildFile; fileRef = 72FEAEE51F017A9B0078407E /* PlayerStatsGlob.swift */; };
		C207FC961EF9AD7500342852 /* AppDelegate.swift in Sources */ = {isa = PBXBuildFile; fileRef = C207FC951EF9AD7500342852 /* AppDelegate.swift */; };
		C207FC981EF9AD7500342852 /* ViewController.swift in Sources */ = {isa = PBXBuildFile; fileRef = C207FC971EF9AD7500342852 /* ViewController.swift */; };
		C207FC9B1EF9AD7500342852 /* Main.storyboard in Resources */ = {isa = PBXBuildFile; fileRef = C207FC991EF9AD7500342852 /* Main.storyboard */; };
		C207FC9D1EF9AD7500342852 /* Assets.xcassets in Resources */ = {isa = PBXBuildFile; fileRef = C207FC9C1EF9AD7500342852 /* Assets.xcassets */; };
		C207FCA01EF9AD7500342852 /* LaunchScreen.storyboard in Resources */ = {isa = PBXBuildFile; fileRef = C207FC9E1EF9AD7500342852 /* LaunchScreen.storyboard */; };
/* End PBXBuildFile section */

/* Begin PBXContainerItemProxy section */
		7251358F1EFD45E600667B56 /* PBXContainerItemProxy */ = {
			isa = PBXContainerItemProxy;
			containerPortal = 725135841EFD45E600667B56 /* Alamofire.xcodeproj */;
			proxyType = 2;
			remoteGlobalIDString = F8111E3319A95C8B0040E7D1;
			remoteInfo = "Alamofire iOS";
		};
		725135911EFD45E600667B56 /* PBXContainerItemProxy */ = {
			isa = PBXContainerItemProxy;
			containerPortal = 725135841EFD45E600667B56 /* Alamofire.xcodeproj */;
			proxyType = 2;
			remoteGlobalIDString = F8111E3E19A95C8B0040E7D1;
			remoteInfo = "Alamofire iOS Tests";
		};
		725135931EFD45E600667B56 /* PBXContainerItemProxy */ = {
			isa = PBXContainerItemProxy;
			containerPortal = 725135841EFD45E600667B56 /* Alamofire.xcodeproj */;
			proxyType = 2;
			remoteGlobalIDString = 4DD67C0B1A5C55C900ED2280;
			remoteInfo = "Alamofire macOS";
		};
		725135951EFD45E600667B56 /* PBXContainerItemProxy */ = {
			isa = PBXContainerItemProxy;
			containerPortal = 725135841EFD45E600667B56 /* Alamofire.xcodeproj */;
			proxyType = 2;
			remoteGlobalIDString = F829C6B21A7A94F100A2CD59;
			remoteInfo = "Alamofire macOS Tests";
		};
		725135971EFD45E600667B56 /* PBXContainerItemProxy */ = {
			isa = PBXContainerItemProxy;
			containerPortal = 725135841EFD45E600667B56 /* Alamofire.xcodeproj */;
			proxyType = 2;
			remoteGlobalIDString = 4CF626EF1BA7CB3E0011A099;
			remoteInfo = "Alamofire tvOS";
		};
		725135991EFD45E600667B56 /* PBXContainerItemProxy */ = {
			isa = PBXContainerItemProxy;
			containerPortal = 725135841EFD45E600667B56 /* Alamofire.xcodeproj */;
			proxyType = 2;
			remoteGlobalIDString = 4CF626F81BA7CB3E0011A099;
			remoteInfo = "Alamofire tvOS Tests";
		};
		7251359B1EFD45E600667B56 /* PBXContainerItemProxy */ = {
			isa = PBXContainerItemProxy;
			containerPortal = 725135841EFD45E600667B56 /* Alamofire.xcodeproj */;
			proxyType = 2;
			remoteGlobalIDString = E4202FE01B667AA100C997FB;
			remoteInfo = "Alamofire watchOS";
		};
		725135AE1EFD48DD00667B56 /* PBXContainerItemProxy */ = {
			isa = PBXContainerItemProxy;
			containerPortal = 725135841EFD45E600667B56 /* Alamofire.xcodeproj */;
			proxyType = 1;
			remoteGlobalIDString = F8111E3219A95C8B0040E7D1;
			remoteInfo = "Alamofire iOS";
		};
		72FEAEDD1EFEDC610078407E /* PBXContainerItemProxy */ = {
			isa = PBXContainerItemProxy;
			containerPortal = 72FEAED81EFEDC610078407E /* Toaster.xcodeproj */;
			proxyType = 2;
			remoteGlobalIDString = 03A75E2B1BCF2066002E46C4;
			remoteInfo = Toaster;
		};
		72FEAEDF1EFEDC610078407E /* PBXContainerItemProxy */ = {
			isa = PBXContainerItemProxy;
			containerPortal = 72FEAED81EFEDC610078407E /* Toaster.xcodeproj */;
			proxyType = 2;
			remoteGlobalIDString = 03A75E4F1BCF20D4002E46C4;
			remoteInfo = ToasterDemo;
		};
		72FEAEE31EFEDC6A0078407E /* PBXContainerItemProxy */ = {
			isa = PBXContainerItemProxy;
			containerPortal = 72FEAED81EFEDC610078407E /* Toaster.xcodeproj */;
			proxyType = 1;
			remoteGlobalIDString = 03A75E2A1BCF2066002E46C4;
			remoteInfo = Toaster;
		};
/* End PBXContainerItemProxy section */

/* Begin PBXCopyFilesBuildPhase section */
		725135B01EFD48DE00667B56 /* Embed Frameworks */ = {
			isa = PBXCopyFilesBuildPhase;
			buildActionMask = 2147483647;
			dstPath = "";
			dstSubfolderSpec = 10;
			files = (
				725135AD1EFD48DD00667B56 /* Alamofire.framework in Embed Frameworks */,
				72FEAEE21EFEDC6A0078407E /* Toaster.framework in Embed Frameworks */,
			);
			name = "Embed Frameworks";
			runOnlyForDeploymentPostprocessing = 0;
		};
/* End PBXCopyFilesBuildPhase section */

/* Begin PBXFileReference section */
		3CC7DB2E1F056D4300AE0C84 /* SearchViewCell.swift */ = {isa = PBXFileReference; fileEncoding = 4; lastKnownFileType = sourcecode.swift; path = SearchViewCell.swift; sourceTree = "<group>"; };
		3CC7DB301F05734C00AE0C84 /* GameViewCell.swift */ = {isa = PBXFileReference; fileEncoding = 4; lastKnownFileType = sourcecode.swift; path = GameViewCell.swift; sourceTree = "<group>"; };
		725135651EFD3F5700667B56 /* LolAPIRouter.swift */ = {isa = PBXFileReference; fileEncoding = 4; lastKnownFileType = sourcecode.swift; path = LolAPIRouter.swift; sourceTree = "<group>"; };
		725135841EFD45E600667B56 /* Alamofire.xcodeproj */ = {isa = PBXFileReference; lastKnownFileType = "wrapper.pb-project"; name = Alamofire.xcodeproj; path = Alamofire/Alamofire.xcodeproj; sourceTree = "<group>"; };
		725135B11EFD4D4D00667B56 /* FindUserViewController.swift */ = {isa = PBXFileReference; fileEncoding = 4; lastKnownFileType = sourcecode.swift; path = FindUserViewController.swift; sourceTree = "<group>"; };
		725135B31EFD4D8A00667B56 /* User.swift */ = {isa = PBXFileReference; fileEncoding = 4; lastKnownFileType = sourcecode.swift; name = User.swift; path = Aram2nuit/User.swift; sourceTree = "<group>"; };
		725135BA1EFDBF7700667B56 /* Match.swift */ = {isa = PBXFileReference; fileEncoding = 4; lastKnownFileType = sourcecode.swift; path = Match.swift; sourceTree = "<group>"; };
		725135BC1EFDC88000667B56 /* UserDetailsViewController.swift */ = {isa = PBXFileReference; fileEncoding = 4; lastKnownFileType = sourcecode.swift; path = UserDetailsViewController.swift; sourceTree = "<group>"; };
		725135BE1EFE5ED700667B56 /* Search.swift */ = {isa = PBXFileReference; fileEncoding = 4; lastKnownFileType = sourcecode.swift; path = Search.swift; sourceTree = "<group>"; };
		72D1075A1F018360000FD74F /* ChampionNameByKey.swift */ = {isa = PBXFileReference; fileEncoding = 4; lastKnownFileType = sourcecode.swift; path = ChampionNameByKey.swift; sourceTree = "<group>"; };
		72FEAED81EFEDC610078407E /* Toaster.xcodeproj */ = {isa = PBXFileReference; lastKnownFileType = "wrapper.pb-project"; name = Toaster.xcodeproj; path = Toaster/Toaster.xcodeproj; sourceTree = "<group>"; };
		72FEAEE51F017A9B0078407E /* PlayerStatsGlob.swift */ = {isa = PBXFileReference; fileEncoding = 4; lastKnownFileType = sourcecode.swift; path = PlayerStatsGlob.swift; sourceTree = "<group>"; };
		C207FC921EF9AD7500342852 /* Aram2nuit.app */ = {isa = PBXFileReference; explicitFileType = wrapper.application; includeInIndex = 0; path = Aram2nuit.app; sourceTree = BUILT_PRODUCTS_DIR; };
		C207FC951EF9AD7500342852 /* AppDelegate.swift */ = {isa = PBXFileReference; lastKnownFileType = sourcecode.swift; path = AppDelegate.swift; sourceTree = "<group>"; };
		C207FC971EF9AD7500342852 /* ViewController.swift */ = {isa = PBXFileReference; lastKnownFileType = sourcecode.swift; path = ViewController.swift; sourceTree = "<group>"; };
		C207FC9A1EF9AD7500342852 /* Base */ = {isa = PBXFileReference; lastKnownFileType = file.storyboard; name = Base; path = Base.lproj/Main.storyboard; sourceTree = "<group>"; };
		C207FC9C1EF9AD7500342852 /* Assets.xcassets */ = {isa = PBXFileReference; lastKnownFileType = folder.assetcatalog; path = Assets.xcassets; sourceTree = "<group>"; };
		C207FC9F1EF9AD7500342852 /* Base */ = {isa = PBXFileReference; lastKnownFileType = file.storyboard; name = Base; path = Base.lproj/LaunchScreen.storyboard; sourceTree = "<group>"; };
		C207FCA11EF9AD7500342852 /* Info.plist */ = {isa = PBXFileReference; lastKnownFileType = text.plist.xml; path = Info.plist; sourceTree = "<group>"; };
/* End PBXFileReference section */

/* Begin PBXFrameworksBuildPhase section */
		C207FC8F1EF9AD7500342852 /* Frameworks */ = {
			isa = PBXFrameworksBuildPhase;
			buildActionMask = 2147483647;
			files = (
				725135AC1EFD48DD00667B56 /* Alamofire.framework in Frameworks */,
				72FEAEE11EFEDC6A0078407E /* Toaster.framework in Frameworks */,
			);
			runOnlyForDeploymentPostprocessing = 0;
		};
/* End PBXFrameworksBuildPhase section */

/* Begin PBXGroup section */
		3CC7DB231F056C5400AE0C84 /* Cells */ = {
			isa = PBXGroup;
			children = (
				3CC7DB2E1F056D4300AE0C84 /* SearchViewCell.swift */,
				3CC7DB301F05734C00AE0C84 /* GameViewCell.swift */,
			);
			name = Cells;
			sourceTree = "<group>";
		};
		7251355E1EFC463500667B56 /* Controllers */ = {
			isa = PBXGroup;
			children = (
				725135B11EFD4D4D00667B56 /* FindUserViewController.swift */,
				725135BC1EFDC88000667B56 /* UserDetailsViewController.swift */,
			);
			name = Controllers;
			sourceTree = "<group>";
		};
		725135641EFD3F2800667B56 /* Enum */ = {
			isa = PBXGroup;
			children = (
				725135651EFD3F5700667B56 /* LolAPIRouter.swift */,
			);
			name = Enum;
			sourceTree = "<group>";
		};
		725135851EFD45E600667B56 /* Products */ = {
			isa = PBXGroup;
			children = (
				725135901EFD45E600667B56 /* Alamofire.framework */,
				725135921EFD45E600667B56 /* Alamofire iOS Tests.xctest */,
				725135941EFD45E600667B56 /* Alamofire.framework */,
				725135961EFD45E600667B56 /* Alamofire macOS Tests.xctest */,
				725135981EFD45E600667B56 /* Alamofire.framework */,
				7251359A1EFD45E600667B56 /* Alamofire tvOS Tests.xctest */,
				7251359C1EFD45E600667B56 /* Alamofire.framework */,
			);
			name = Products;
			sourceTree = "<group>";
		};
		725135B51EFD4DA000667B56 /* ItemAPI */ = {
			isa = PBXGroup;
			children = (
				725135B31EFD4D8A00667B56 /* User.swift */,
				725135BA1EFDBF7700667B56 /* Match.swift */,
				725135BE1EFE5ED700667B56 /* Search.swift */,
				72FEAEE51F017A9B0078407E /* PlayerStatsGlob.swift */,
				72D1075A1F018360000FD74F /* ChampionNameByKey.swift */,
			);
			name = ItemAPI;
			path = ..;
			sourceTree = "<group>";
		};
		72FEAED91EFEDC610078407E /* Products */ = {
			isa = PBXGroup;
			children = (
				72FEAEDE1EFEDC610078407E /* Toaster.framework */,
				72FEAEE01EFEDC610078407E /* ToasterDemo.app */,
			);
			name = Products;
			sourceTree = "<group>";
		};
		C207FC891EF9AD7400342852 = {
			isa = PBXGroup;
			children = (
				72FEAED81EFEDC610078407E /* Toaster.xcodeproj */,
				725135841EFD45E600667B56 /* Alamofire.xcodeproj */,
				C207FC941EF9AD7500342852 /* Aram2nuit */,
				C207FC931EF9AD7500342852 /* Products */,
			);
			sourceTree = "<group>";
		};
		C207FC931EF9AD7500342852 /* Products */ = {
			isa = PBXGroup;
			children = (
				C207FC921EF9AD7500342852 /* Aram2nuit.app */,
			);
			name = Products;
			sourceTree = "<group>";
		};
		C207FC941EF9AD7500342852 /* Aram2nuit */ = {
			isa = PBXGroup;
			children = (
				725135B51EFD4DA000667B56 /* ItemAPI */,
				3CC7DB231F056C5400AE0C84 /* Cells */,
				725135641EFD3F2800667B56 /* Enum */,
				7251355E1EFC463500667B56 /* Controllers */,
				C207FC951EF9AD7500342852 /* AppDelegate.swift */,
				C207FC971EF9AD7500342852 /* ViewController.swift */,
				C207FC991EF9AD7500342852 /* Main.storyboard */,
				C207FC9C1EF9AD7500342852 /* Assets.xcassets */,
				C207FC9E1EF9AD7500342852 /* LaunchScreen.storyboard */,
				C207FCA11EF9AD7500342852 /* Info.plist */,
			);
			path = Aram2nuit;
			sourceTree = "<group>";
		};
/* End PBXGroup section */

/* Begin PBXNativeTarget section */
		C207FC911EF9AD7500342852 /* Aram2nuit */ = {
			isa = PBXNativeTarget;
			buildConfigurationList = C207FCA41EF9AD7500342852 /* Build configuration list for PBXNativeTarget "Aram2nuit" */;
			buildPhases = (
				C207FC8E1EF9AD7500342852 /* Sources */,
				C207FC8F1EF9AD7500342852 /* Frameworks */,
				C207FC901EF9AD7500342852 /* Resources */,
				725135B01EFD48DE00667B56 /* Embed Frameworks */,
			);
			buildRules = (
			);
			dependencies = (
				725135AF1EFD48DD00667B56 /* PBXTargetDependency */,
				72FEAEE41EFEDC6A0078407E /* PBXTargetDependency */,
			);
			name = Aram2nuit;
			productName = Aram2nuit;
			productReference = C207FC921EF9AD7500342852 /* Aram2nuit.app */;
			productType = "com.apple.product-type.application";
		};
/* End PBXNativeTarget section */

/* Begin PBXProject section */
		C207FC8A1EF9AD7400342852 /* Project object */ = {
			isa = PBXProject;
			attributes = {
				LastSwiftUpdateCheck = 0830;
				LastUpgradeCheck = 0830;
				ORGANIZATIONNAME = "Yasine Ammar";
				TargetAttributes = {
					C207FC911EF9AD7500342852 = {
						CreatedOnToolsVersion = 8.3.3;
						ProvisioningStyle = Automatic;
					};
				};
			};
			buildConfigurationList = C207FC8D1EF9AD7400342852 /* Build configuration list for PBXProject "Aram2nuit" */;
			compatibilityVersion = "Xcode 3.2";
			developmentRegion = English;
			hasScannedForEncodings = 0;
			knownRegions = (
				en,
				Base,
			);
			mainGroup = C207FC891EF9AD7400342852;
			productRefGroup = C207FC931EF9AD7500342852 /* Products */;
			projectDirPath = "";
			projectReferences = (
				{
					ProductGroup = 725135851EFD45E600667B56 /* Products */;
					ProjectRef = 725135841EFD45E600667B56 /* Alamofire.xcodeproj */;
				},
				{
					ProductGroup = 72FEAED91EFEDC610078407E /* Products */;
					ProjectRef = 72FEAED81EFEDC610078407E /* Toaster.xcodeproj */;
				},
			);
			projectRoot = "";
			targets = (
				C207FC911EF9AD7500342852 /* Aram2nuit */,
			);
		};
/* End PBXProject section */

/* Begin PBXReferenceProxy section */
		725135901EFD45E600667B56 /* Alamofire.framework */ = {
			isa = PBXReferenceProxy;
			fileType = wrapper.framework;
			path = Alamofire.framework;
			remoteRef = 7251358F1EFD45E600667B56 /* PBXContainerItemProxy */;
			sourceTree = BUILT_PRODUCTS_DIR;
		};
		725135921EFD45E600667B56 /* Alamofire iOS Tests.xctest */ = {
			isa = PBXReferenceProxy;
			fileType = wrapper.cfbundle;
			path = "Alamofire iOS Tests.xctest";
			remoteRef = 725135911EFD45E600667B56 /* PBXContainerItemProxy */;
			sourceTree = BUILT_PRODUCTS_DIR;
		};
		725135941EFD45E600667B56 /* Alamofire.framework */ = {
			isa = PBXReferenceProxy;
			fileType = wrapper.framework;
			path = Alamofire.framework;
			remoteRef = 725135931EFD45E600667B56 /* PBXContainerItemProxy */;
			sourceTree = BUILT_PRODUCTS_DIR;
		};
		725135961EFD45E600667B56 /* Alamofire macOS Tests.xctest */ = {
			isa = PBXReferenceProxy;
			fileType = wrapper.cfbundle;
			path = "Alamofire macOS Tests.xctest";
			remoteRef = 725135951EFD45E600667B56 /* PBXContainerItemProxy */;
			sourceTree = BUILT_PRODUCTS_DIR;
		};
		725135981EFD45E600667B56 /* Alamofire.framework */ = {
			isa = PBXReferenceProxy;
			fileType = wrapper.framework;
			path = Alamofire.framework;
			remoteRef = 725135971EFD45E600667B56 /* PBXContainerItemProxy */;
			sourceTree = BUILT_PRODUCTS_DIR;
		};
		7251359A1EFD45E600667B56 /* Alamofire tvOS Tests.xctest */ = {
			isa = PBXReferenceProxy;
			fileType = wrapper.cfbundle;
			path = "Alamofire tvOS Tests.xctest";
			remoteRef = 725135991EFD45E600667B56 /* PBXContainerItemProxy */;
			sourceTree = BUILT_PRODUCTS_DIR;
		};
		7251359C1EFD45E600667B56 /* Alamofire.framework */ = {
			isa = PBXReferenceProxy;
			fileType = wrapper.framework;
			path = Alamofire.framework;
			remoteRef = 7251359B1EFD45E600667B56 /* PBXContainerItemProxy */;
			sourceTree = BUILT_PRODUCTS_DIR;
		};
		72FEAEDE1EFEDC610078407E /* Toaster.framework */ = {
			isa = PBXReferenceProxy;
			fileType = wrapper.framework;
			path = Toaster.framework;
			remoteRef = 72FEAEDD1EFEDC610078407E /* PBXContainerItemProxy */;
			sourceTree = BUILT_PRODUCTS_DIR;
		};
		72FEAEE01EFEDC610078407E /* ToasterDemo.app */ = {
			isa = PBXReferenceProxy;
			fileType = wrapper.application;
			path = ToasterDemo.app;
			remoteRef = 72FEAEDF1EFEDC610078407E /* PBXContainerItemProxy */;
			sourceTree = BUILT_PRODUCTS_DIR;
		};
/* End PBXReferenceProxy section */

/* Begin PBXResourcesBuildPhase section */
		C207FC901EF9AD7500342852 /* Resources */ = {
			isa = PBXResourcesBuildPhase;
			buildActionMask = 2147483647;
			files = (
				C207FCA01EF9AD7500342852 /* LaunchScreen.storyboard in Resources */,
				C207FC9D1EF9AD7500342852 /* Assets.xcassets in Resources */,
				C207FC9B1EF9AD7500342852 /* Main.storyboard in Resources */,
			);
			runOnlyForDeploymentPostprocessing = 0;
		};
/* End PBXResourcesBuildPhase section */

/* Begin PBXSourcesBuildPhase section */
		C207FC8E1EF9AD7500342852 /* Sources */ = {
			isa = PBXSourcesBuildPhase;
			buildActionMask = 2147483647;
			files = (
				3CC7DB2F1F056D4300AE0C84 /* SearchViewCell.swift in Sources */,
				725135BF1EFE5ED700667B56 /* Search.swift in Sources */,
				725135B21EFD4D4D00667B56 /* FindUserViewController.swift in Sources */,
				725135B41EFD4D8A00667B56 /* User.swift in Sources */,
				3CC7DB311F05734C00AE0C84 /* GameViewCell.swift in Sources */,
				72D1075B1F018360000FD74F /* ChampionNameByKey.swift in Sources */,
				72FEAEE61F017A9B0078407E /* PlayerStatsGlob.swift in Sources */,
				C207FC981EF9AD7500342852 /* ViewController.swift in Sources */,
				C207FC961EF9AD7500342852 /* AppDelegate.swift in Sources */,
				725135661EFD3F5700667B56 /* LolAPIRouter.swift in Sources */,
				725135BD1EFDC88000667B56 /* UserDetailsViewController.swift in Sources */,
				725135BB1EFDBF7700667B56 /* Match.swift in Sources */,
			);
			runOnlyForDeploymentPostprocessing = 0;
		};
/* End PBXSourcesBuildPhase section */

/* Begin PBXTargetDependency section */
		725135AF1EFD48DD00667B56 /* PBXTargetDependency */ = {
			isa = PBXTargetDependency;
			name = "Alamofire iOS";
			targetProxy = 725135AE1EFD48DD00667B56 /* PBXContainerItemProxy */;
		};
		72FEAEE41EFEDC6A0078407E /* PBXTargetDependency */ = {
			isa = PBXTargetDependency;
			name = Toaster;
			targetProxy = 72FEAEE31EFEDC6A0078407E /* PBXContainerItemProxy */;
		};
/* End PBXTargetDependency section */

/* Begin PBXVariantGroup section */
		C207FC991EF9AD7500342852 /* Main.storyboard */ = {
			isa = PBXVariantGroup;
			children = (
				C207FC9A1EF9AD7500342852 /* Base */,
			);
			name = Main.storyboard;
			sourceTree = "<group>";
		};
		C207FC9E1EF9AD7500342852 /* LaunchScreen.storyboard */ = {
			isa = PBXVariantGroup;
			children = (
				C207FC9F1EF9AD7500342852 /* Base */,
			);
			name = LaunchScreen.storyboard;
			sourceTree = "<group>";
		};
/* End PBXVariantGroup section */

/* Begin XCBuildConfiguration section */
		C207FCA21EF9AD7500342852 /* Debug */ = {
			isa = XCBuildConfiguration;
			buildSettings = {
				ALWAYS_SEARCH_USER_PATHS = NO;
				CLANG_ANALYZER_NONNULL = YES;
				CLANG_ANALYZER_NUMBER_OBJECT_CONVERSION = YES_AGGRESSIVE;
				CLANG_CXX_LANGUAGE_STANDARD = "gnu++0x";
				CLANG_CXX_LIBRARY = "libc++";
				CLANG_ENABLE_MODULES = YES;
				CLANG_ENABLE_OBJC_ARC = YES;
				CLANG_WARN_BOOL_CONVERSION = YES;
				CLANG_WARN_CONSTANT_CONVERSION = YES;
				CLANG_WARN_DIRECT_OBJC_ISA_USAGE = YES_ERROR;
				CLANG_WARN_DOCUMENTATION_COMMENTS = YES;
				CLANG_WARN_EMPTY_BODY = YES;
				CLANG_WARN_ENUM_CONVERSION = YES;
				CLANG_WARN_INFINITE_RECURSION = YES;
				CLANG_WARN_INT_CONVERSION = YES;
				CLANG_WARN_OBJC_ROOT_CLASS = YES_ERROR;
				CLANG_WARN_SUSPICIOUS_MOVE = YES;
				CLANG_WARN_UNREACHABLE_CODE = YES;
				CLANG_WARN__DUPLICATE_METHOD_MATCH = YES;
				"CODE_SIGN_IDENTITY[sdk=iphoneos*]" = "iPhone Developer";
				COPY_PHASE_STRIP = NO;
				DEBUG_INFORMATION_FORMAT = dwarf;
				ENABLE_STRICT_OBJC_MSGSEND = YES;
				ENABLE_TESTABILITY = YES;
				GCC_C_LANGUAGE_STANDARD = gnu99;
				GCC_DYNAMIC_NO_PIC = NO;
				GCC_NO_COMMON_BLOCKS = YES;
				GCC_OPTIMIZATION_LEVEL = 0;
				GCC_PREPROCESSOR_DEFINITIONS = (
					"DEBUG=1",
					"$(inherited)",
				);
				GCC_WARN_64_TO_32_BIT_CONVERSION = YES;
				GCC_WARN_ABOUT_RETURN_TYPE = YES_ERROR;
				GCC_WARN_UNDECLARED_SELECTOR = YES;
				GCC_WARN_UNINITIALIZED_AUTOS = YES_AGGRESSIVE;
				GCC_WARN_UNUSED_FUNCTION = YES;
				GCC_WARN_UNUSED_VARIABLE = YES;
				IPHONEOS_DEPLOYMENT_TARGET = 10.3;
				MTL_ENABLE_DEBUG_INFO = YES;
				ONLY_ACTIVE_ARCH = YES;
				SDKROOT = iphoneos;
				SWIFT_ACTIVE_COMPILATION_CONDITIONS = DEBUG;
				SWIFT_OPTIMIZATION_LEVEL = "-Onone";
				TARGETED_DEVICE_FAMILY = "1,2";
			};
			name = Debug;
		};
		C207FCA31EF9AD7500342852 /* Release */ = {
			isa = XCBuildConfiguration;
			buildSettings = {
				ALWAYS_SEARCH_USER_PATHS = NO;
				CLANG_ANALYZER_NONNULL = YES;
				CLANG_ANALYZER_NUMBER_OBJECT_CONVERSION = YES_AGGRESSIVE;
				CLANG_CXX_LANGUAGE_STANDARD = "gnu++0x";
				CLANG_CXX_LIBRARY = "libc++";
				CLANG_ENABLE_MODULES = YES;
				CLANG_ENABLE_OBJC_ARC = YES;
				CLANG_WARN_BOOL_CONVERSION = YES;
				CLANG_WARN_CONSTANT_CONVERSION = YES;
				CLANG_WARN_DIRECT_OBJC_ISA_USAGE = YES_ERROR;
				CLANG_WARN_DOCUMENTATION_COMMENTS = YES;
				CLANG_WARN_EMPTY_BODY = YES;
				CLANG_WARN_ENUM_CONVERSION = YES;
				CLANG_WARN_INFINITE_RECURSION = YES;
				CLANG_WARN_INT_CONVERSION = YES;
				CLANG_WARN_OBJC_ROOT_CLASS = YES_ERROR;
				CLANG_WARN_SUSPICIOUS_MOVE = YES;
				CLANG_WARN_UNREACHABLE_CODE = YES;
				CLANG_WARN__DUPLICATE_METHOD_MATCH = YES;
				"CODE_SIGN_IDENTITY[sdk=iphoneos*]" = "iPhone Developer";
				COPY_PHASE_STRIP = NO;
				DEBUG_INFORMATION_FORMAT = "dwarf-with-dsym";
				ENABLE_NS_ASSERTIONS = NO;
				ENABLE_STRICT_OBJC_MSGSEND = YES;
				GCC_C_LANGUAGE_STANDARD = gnu99;
				GCC_NO_COMMON_BLOCKS = YES;
				GCC_WARN_64_TO_32_BIT_CONVERSION = YES;
				GCC_WARN_ABOUT_RETURN_TYPE = YES_ERROR;
				GCC_WARN_UNDECLARED_SELECTOR = YES;
				GCC_WARN_UNINITIALIZED_AUTOS = YES_AGGRESSIVE;
				GCC_WARN_UNUSED_FUNCTION = YES;
				GCC_WARN_UNUSED_VARIABLE = YES;
				IPHONEOS_DEPLOYMENT_TARGET = 10.3;
				MTL_ENABLE_DEBUG_INFO = NO;
				SDKROOT = iphoneos;
				SWIFT_OPTIMIZATION_LEVEL = "-Owholemodule";
				TARGETED_DEVICE_FAMILY = "1,2";
				VALIDATE_PRODUCT = YES;
			};
			name = Release;
		};
		C207FCA51EF9AD7500342852 /* Debug */ = {
			isa = XCBuildConfiguration;
			buildSettings = {
				ALWAYS_EMBED_SWIFT_STANDARD_LIBRARIES = YES;
				ASSETCATALOG_COMPILER_APPICON_NAME = AppIcon;
				INFOPLIST_FILE = Aram2nuit/Info.plist;
				LD_RUNPATH_SEARCH_PATHS = "$(inherited) @executable_path/Frameworks";
				PRODUCT_BUNDLE_IDENTIFIER = MTI.Aram2nuit;
				PRODUCT_NAME = "$(TARGET_NAME)";
				SWIFT_VERSION = 3.0;
			};
			name = Debug;
		};
		C207FCA61EF9AD7500342852 /* Release */ = {
			isa = XCBuildConfiguration;
			buildSettings = {
				ALWAYS_EMBED_SWIFT_STANDARD_LIBRARIES = YES;
				ASSETCATALOG_COMPILER_APPICON_NAME = AppIcon;
				INFOPLIST_FILE = Aram2nuit/Info.plist;
				LD_RUNPATH_SEARCH_PATHS = "$(inherited) @executable_path/Frameworks";
				PRODUCT_BUNDLE_IDENTIFIER = MTI.Aram2nuit;
				PRODUCT_NAME = "$(TARGET_NAME)";
				SWIFT_VERSION = 3.0;
			};
			name = Release;
		};
/* End XCBuildConfiguration section */

/* Begin XCConfigurationList section */
		C207FC8D1EF9AD7400342852 /* Build configuration list for PBXProject "Aram2nuit" */ = {
			isa = XCConfigurationList;
			buildConfigurations = (
				C207FCA21EF9AD7500342852 /* Debug */,
				C207FCA31EF9AD7500342852 /* Release */,
			);
			defaultConfigurationIsVisible = 0;
			defaultConfigurationName = Release;
		};
		C207FCA41EF9AD7500342852 /* Build configuration list for PBXNativeTarget "Aram2nuit" */ = {
			isa = XCConfigurationList;
			buildConfigurations = (
				C207FCA51EF9AD7500342852 /* Debug */,
				C207FCA61EF9AD7500342852 /* Release */,
			);
			defaultConfigurationIsVisible = 0;
			defaultConfigurationName = Release;
		};
/* End XCConfigurationList section */
	};
	rootObject = C207FC8A1EF9AD7400342852 /* Project object */;
}
